
Microsoft Visual Studio Solution File, Format Version 12.00
# Visual Studio 2013
VisualStudioVersion = 12.0.40629.0
MinimumVisualStudioVersion = 10.0.40219.1
Project("{F2A71F9B-5D33-465A-A702-920D77279786}") = "CsvDemo", "CsvDemo\CsvDemo.fsproj", "{A71578DF-67A9-42E8-9F3B-A8483B5B261B}"
EndProject
Project("{F2A71F9B-5D33-465A-A702-920D77279786}") = "CsvDemo.Tests", "CsvDemo.Tests\CsvDemo.Tests.fsproj", "{32715B8A-E28E-4FA1-B925-82D894551892}"
EndProject
Global
	GlobalSection(SolutionConfigurationPlatforms) = preSolution
		Debug|Any CPU = Debug|Any CPU
		Release|Any CPU = Release|Any CPU
	EndGlobalSection
	GlobalSection(ProjectConfigurationPlatforms) = postSolution
		{A71578DF-67A9-42E8-9F3B-A8483B5B261B}.Debug|Any CPU.ActiveCfg = Debug|Any CPU
		{A71578DF-67A9-42E8-9F3B-A8483B5B261B}.Debug|Any CPU.Build.0 = Debug|Any CPU
		{A71578DF-67A9-42E8-9F3B-A8483B5B261B}.Release|Any CPU.ActiveCfg = Release|Any CPU
		{A71578DF-67A9-42E8-9F3B-A8483B5B261B}.Release|Any CPU.Build.0 = Release|Any CPU
		{32715B8A-E28E-4FA1-B925-82D894551892}.Debug|Any CPU.ActiveCfg = Debug|Any CPU
		{32715B8A-E28E-4FA1-B925-82D894551892}.Debug|Any CPU.Build.0 = Debug|Any CPU
		{32715B8A-E28E-4FA1-B925-82D894551892}.Release|Any CPU.ActiveCfg = Release|Any CPU
		{32715B8A-E28E-4FA1-B925-82D894551892}.Release|Any CPU.Build.0 = Release|Any CPU
	EndGlobalSection
	GlobalSection(SolutionProperties) = preSolution
		HideSolutionNode = FALSE
	EndGlobalSection
EndGlobal
